
Microsoft Visual Studio Solution File, Format Version 12.00
# Visual Studio Version 17
VisualStudioVersion = 17.0.31912.275
MinimumVisualStudioVersion = 10.0.40219.1
Project("{9A19103F-16F7-4668-BE54-9A1E7A4F7556}") = "BookingEngine", "BookingEngine\BookingEngine.csproj", "{1173295A-FA66-41C9-899B-73D4D6F01782}"
EndProject
Project("{2150E333-8FDC-42A3-9474-1A3956D46DE8}") = "Api", "Api", "{BAE0AC4B-D6CE-445D-ADA5-E15EE47CE7A7}"
EndProject
Project("{2150E333-8FDC-42A3-9474-1A3956D46DE8}") = "BusinessLogic", "BusinessLogic", "{ABAA4414-94FD-4804-B59D-F94F576CC631}"
EndProject
Project("{2150E333-8FDC-42A3-9474-1A3956D46DE8}") = "Data", "Data", "{2DF7E9B1-93E5-40FE-92C9-B81183383996}"
EndProject
Project("{9A19103F-16F7-4668-BE54-9A1E7A4F7556}") = "BookingEngine.BusinessLogic", "BookingEngine.BusinessLogic\BookingEngine.BusinessLogic.csproj", "{ED9E3BCB-A9FC-471E-B8F9-D874FE69D58D}"
EndProject
Project("{9A19103F-16F7-4668-BE54-9A1E7A4F7556}") = "BookingEngine.Data", "BookingEngine.Data\BookingEngine.Data.csproj", "{14E38E6B-8E12-43F8-83F1-DDE3CFAAED9E}"
EndProject
Project("{9A19103F-16F7-4668-BE54-9A1E7A4F7556}") = "BookingEngine.DataServices", "BookingEngine.DataServices\BookingEngine.DataServices.csproj", "{E0316208-7394-4288-B39C-843FA9E9FFF0}"
EndProject
Project("{9A19103F-16F7-4668-BE54-9A1E7A4F7556}") = "BookingEngine.Entities", "BookingEngine.Entities\BookingEngine.Entities.csproj", "{5A4286F5-427F-454C-A474-5A375B88F330}"
EndProject
Global
	GlobalSection(SolutionConfigurationPlatforms) = preSolution
		Debug|Any CPU = Debug|Any CPU
		Release|Any CPU = Release|Any CPU
	EndGlobalSection
	GlobalSection(ProjectConfigurationPlatforms) = postSolution
		{1173295A-FA66-41C9-899B-73D4D6F01782}.Debug|Any CPU.ActiveCfg = Debug|Any CPU
		{1173295A-FA66-41C9-899B-73D4D6F01782}.Debug|Any CPU.Build.0 = Debug|Any CPU
		{1173295A-FA66-41C9-899B-73D4D6F01782}.Release|Any CPU.ActiveCfg = Release|Any CPU
		{1173295A-FA66-41C9-899B-73D4D6F01782}.Release|Any CPU.Build.0 = Release|Any CPU
		{ED9E3BCB-A9FC-471E-B8F9-D874FE69D58D}.Debug|Any CPU.ActiveCfg = Debug|Any CPU
		{ED9E3BCB-A9FC-471E-B8F9-D874FE69D58D}.Debug|Any CPU.Build.0 = Debug|Any CPU
		{ED9E3BCB-A9FC-471E-B8F9-D874FE69D58D}.Release|Any CPU.ActiveCfg = Release|Any CPU
		{ED9E3BCB-A9FC-471E-B8F9-D874FE69D58D}.Release|Any CPU.Build.0 = Release|Any CPU
		{14E38E6B-8E12-43F8-83F1-DDE3CFAAED9E}.Debug|Any CPU.ActiveCfg = Debug|Any CPU
		{14E38E6B-8E12-43F8-83F1-DDE3CFAAED9E}.Debug|Any CPU.Build.0 = Debug|Any CPU
		{14E38E6B-8E12-43F8-83F1-DDE3CFAAED9E}.Release|Any CPU.ActiveCfg = Release|Any CPU
		{14E38E6B-8E12-43F8-83F1-DDE3CFAAED9E}.Release|Any CPU.Build.0 = Release|Any CPU
		{E0316208-7394-4288-B39C-843FA9E9FFF0}.Debug|Any CPU.ActiveCfg = Debug|Any CPU
		{E0316208-7394-4288-B39C-843FA9E9FFF0}.Debug|Any CPU.Build.0 = Debug|Any CPU
		{E0316208-7394-4288-B39C-843FA9E9FFF0}.Release|Any CPU.ActiveCfg = Release|Any CPU
		{E0316208-7394-4288-B39C-843FA9E9FFF0}.Release|Any CPU.Build.0 = Release|Any CPU
		{5A4286F5-427F-454C-A474-5A375B88F330}.Debug|Any CPU.ActiveCfg = Debug|Any CPU
		{5A4286F5-427F-454C-A474-5A375B88F330}.Debug|Any CPU.Build.0 = Debug|Any CPU
		{5A4286F5-427F-454C-A474-5A375B88F330}.Release|Any CPU.ActiveCfg = Release|Any CPU
		{5A4286F5-427F-454C-A474-5A375B88F330}.Release|Any CPU.Build.0 = Release|Any CPU
	EndGlobalSection
	GlobalSection(SolutionProperties) = preSolution
		HideSolutionNode = FALSE
	EndGlobalSection
	GlobalSection(NestedProjects) = preSolution
		{1173295A-FA66-41C9-899B-73D4D6F01782} = {BAE0AC4B-D6CE-445D-ADA5-E15EE47CE7A7}
		{ED9E3BCB-A9FC-471E-B8F9-D874FE69D58D} = {ABAA4414-94FD-4804-B59D-F94F576CC631}
		{14E38E6B-8E12-43F8-83F1-DDE3CFAAED9E} = {2DF7E9B1-93E5-40FE-92C9-B81183383996}
		{E0316208-7394-4288-B39C-843FA9E9FFF0} = {2DF7E9B1-93E5-40FE-92C9-B81183383996}
		{5A4286F5-427F-454C-A474-5A375B88F330} = {2DF7E9B1-93E5-40FE-92C9-B81183383996}
	EndGlobalSection
	GlobalSection(ExtensibilityGlobals) = postSolution
		SolutionGuid = {C6748D52-BCDC-479D-A3E9-3D8DE51412DA}
	EndGlobalSection
EndGlobal
